
Microsoft Visual Studio Solution File, Format Version 12.00
Project("{FAE04EC0-301F-11D3-BF4B-00C04F79EFBC}") = "CafeHUBWebV2", "CafeHUBWebV2.csproj", "{8169FD45-5E98-406C-B244-8482880FFAFB}"
EndProject
Global
	GlobalSection(SolutionConfigurationPlatforms) = preSolution
		Debug|Any CPU = Debug|Any CPU
		Release|Any CPU = Release|Any CPU
	EndGlobalSection
	GlobalSection(ProjectConfigurationPlatforms) = postSolution
		{8169FD45-5E98-406C-B244-8482880FFAFB}.Debug|Any CPU.ActiveCfg = Debug|Any CPU
		{8169FD45-5E98-406C-B244-8482880FFAFB}.Debug|Any CPU.Build.0 = Debug|Any CPU
		{8169FD45-5E98-406C-B244-8482880FFAFB}.Release|Any CPU.ActiveCfg = Release|Any CPU
		{8169FD45-5E98-406C-B244-8482880FFAFB}.Release|Any CPU.Build.0 = Release|Any CPU
	EndGlobalSection
EndGlobal
